
Microsoft Visual Studio Solution File, Format Version 12.00
# Visual Studio Version 16
VisualStudioVersion = 16.0.32510.428
MinimumVisualStudioVersion = 10.0.40219.1
Project("{9A19103F-16F7-4668-BE54-9A1E7A4F7556}") = "ExpenseTracker", "ExpenseTracker\ExpenseTracker.csproj", "{CF7303E1-B913-4CED-BF71-FE99B73F18C1}"
EndProject
Project("{FAE04EC0-301F-11D3-BF4B-00C04F79EFBC}") = "WPFWrappers", "WPFWrappers\WPFWrappers.csproj", "{2142422A-D714-425D-905E-C7F4D1917AFE}"
EndProject
Global
	GlobalSection(SolutionConfigurationPlatforms) = preSolution
		Debug|Any CPU = Debug|Any CPU
		Release|Any CPU = Release|Any CPU
	EndGlobalSection
	GlobalSection(ProjectConfigurationPlatforms) = postSolution
		{CF7303E1-B913-4CED-BF71-FE99B73F18C1}.Debug|Any CPU.ActiveCfg = Debug|Any CPU
		{CF7303E1-B913-4CED-BF71-FE99B73F18C1}.Debug|Any CPU.Build.0 = Debug|Any CPU
		{CF7303E1-B913-4CED-BF71-FE99B73F18C1}.Release|Any CPU.ActiveCfg = Release|Any CPU
		{CF7303E1-B913-4CED-BF71-FE99B73F18C1}.Release|Any CPU.Build.0 = Release|Any CPU
		{2142422A-D714-425D-905E-C7F4D1917AFE}.Debug|Any CPU.ActiveCfg = Debug|Any CPU
		{2142422A-D714-425D-905E-C7F4D1917AFE}.Debug|Any CPU.Build.0 = Debug|Any CPU
		{2142422A-D714-425D-905E-C7F4D1917AFE}.Release|Any CPU.ActiveCfg = Release|Any CPU
		{2142422A-D714-425D-905E-C7F4D1917AFE}.Release|Any CPU.Build.0 = Release|Any CPU
	EndGlobalSection
	GlobalSection(SolutionProperties) = preSolution
		HideSolutionNode = FALSE
	EndGlobalSection
	GlobalSection(ExtensibilityGlobals) = postSolution
		SolutionGuid = {9CC0F4FF-BE6E-4AE6-A8CB-E00F066F8862}
	EndGlobalSection
EndGlobal
