<Solution>
  <Folder Name="/Libraries/">
    <Project Path="ApplicationUpdater/ApplicationUpdater.csproj" />
    <Project Path="ExpenseTracker.CurrencyConverter.UI/ExpenseTracker.CurrencyConverter.UI.csproj" />
    <Project Path="ExpenseTracker.CurrencyConverter/ExpenseTracker.CurrencyConverter.csproj" />
  </Folder>
  <Folder Name="/Tools/">
    <Project Path="Tools/ReleaseCompiler/ReleaseCompiler.csproj" />
  </Folder>
  <Project Path="ExpenseTracker.App/ExpenseTracker.App.csproj" />
  <Project Path="ExpenseTracker.Tools/ExpenseTracker.Tools.csproj" />
  <Project Path="ExpenseTracker.Wpf/ExpenseTracker.Wpf.csproj" />
</Solution>
