
Microsoft Visual Studio Solution File, Format Version 12.00
# Visual Studio Version 17
VisualStudioVersion = 17.3.32819.101
MinimumVisualStudioVersion = 10.0.40219.1
Project("{9A19103F-16F7-4668-BE54-9A1E7A4F7556}") = "ExpenseTracker.App", "ExpenseTracker\ExpenseTracker.App.csproj", "{CF7303E1-B913-4CED-BF71-FE99B73F18C1}"
EndProject
Project("{9A19103F-16F7-4668-BE54-9A1E7A4F7556}") = "ExpenseTracker.Wpf", "WPFWrappers\ExpenseTracker.Wpf.csproj", "{2142422A-D714-425D-905E-C7F4D1917AFE}"
EndProject
Project("{9A19103F-16F7-4668-BE54-9A1E7A4F7556}") = "ExpenseTracker.CurrencyConverter", "ExpenseTracker.CurrencyConverter\ExpenseTracker.CurrencyConverter.csproj", "{C2C404EF-707E-4345-8787-2126965DD60B}"
EndProject
Project("{9A19103F-16F7-4668-BE54-9A1E7A4F7556}") = "ExpenseTracker.Tools", "ExpenseTracker.Tools\ExpenseTracker.Tools.csproj", "{9571B67C-CE37-4AD6-B04F-FC6EF307F05A}"
EndProject
Project("{FAE04EC0-301F-11D3-BF4B-00C04F79EFBC}") = "ExpenseTracker.CurrencyConverter.UI", "ExpenseTracker.CurrencyConverter.UI\ExpenseTracker.CurrencyConverter.UI.csproj", "{95166954-5BAB-4882-BA74-C9006B06106A}"
EndProject
Global
	GlobalSection(SolutionConfigurationPlatforms) = preSolution
		Debug|Any CPU = Debug|Any CPU
		Release|Any CPU = Release|Any CPU
	EndGlobalSection
	GlobalSection(ProjectConfigurationPlatforms) = postSolution
		{CF7303E1-B913-4CED-BF71-FE99B73F18C1}.Debug|Any CPU.ActiveCfg = Debug|Any CPU
		{CF7303E1-B913-4CED-BF71-FE99B73F18C1}.Debug|Any CPU.Build.0 = Debug|Any CPU
		{CF7303E1-B913-4CED-BF71-FE99B73F18C1}.Release|Any CPU.ActiveCfg = Release|Any CPU
		{CF7303E1-B913-4CED-BF71-FE99B73F18C1}.Release|Any CPU.Build.0 = Release|Any CPU
		{2142422A-D714-425D-905E-C7F4D1917AFE}.Debug|Any CPU.ActiveCfg = Debug|Any CPU
		{2142422A-D714-425D-905E-C7F4D1917AFE}.Debug|Any CPU.Build.0 = Debug|Any CPU
		{2142422A-D714-425D-905E-C7F4D1917AFE}.Release|Any CPU.ActiveCfg = Release|Any CPU
		{2142422A-D714-425D-905E-C7F4D1917AFE}.Release|Any CPU.Build.0 = Release|Any CPU
		{C2C404EF-707E-4345-8787-2126965DD60B}.Debug|Any CPU.ActiveCfg = Debug|Any CPU
		{C2C404EF-707E-4345-8787-2126965DD60B}.Debug|Any CPU.Build.0 = Debug|Any CPU
		{C2C404EF-707E-4345-8787-2126965DD60B}.Release|Any CPU.ActiveCfg = Release|Any CPU
		{C2C404EF-707E-4345-8787-2126965DD60B}.Release|Any CPU.Build.0 = Release|Any CPU
		{9571B67C-CE37-4AD6-B04F-FC6EF307F05A}.Debug|Any CPU.ActiveCfg = Debug|Any CPU
		{9571B67C-CE37-4AD6-B04F-FC6EF307F05A}.Debug|Any CPU.Build.0 = Debug|Any CPU
		{9571B67C-CE37-4AD6-B04F-FC6EF307F05A}.Release|Any CPU.ActiveCfg = Release|Any CPU
		{9571B67C-CE37-4AD6-B04F-FC6EF307F05A}.Release|Any CPU.Build.0 = Release|Any CPU
		{95166954-5BAB-4882-BA74-C9006B06106A}.Debug|Any CPU.ActiveCfg = Debug|Any CPU
		{95166954-5BAB-4882-BA74-C9006B06106A}.Debug|Any CPU.Build.0 = Debug|Any CPU
		{95166954-5BAB-4882-BA74-C9006B06106A}.Release|Any CPU.ActiveCfg = Release|Any CPU
		{95166954-5BAB-4882-BA74-C9006B06106A}.Release|Any CPU.Build.0 = Release|Any CPU
	EndGlobalSection
	GlobalSection(SolutionProperties) = preSolution
		HideSolutionNode = FALSE
	EndGlobalSection
	GlobalSection(ExtensibilityGlobals) = postSolution
		SolutionGuid = {9CC0F4FF-BE6E-4AE6-A8CB-E00F066F8862}
	EndGlobalSection
EndGlobal
